
Microsoft Visual Studio Solution File, Format Version 12.00
# Visual Studio Version 17
VisualStudioVersion = 17.5.33627.172
MinimumVisualStudioVersion = 10.0.40219.1
Project("{FAE04EC0-301F-11D3-BF4B-00C04F79EFBC}") = "projetoAula3", "projetoAula3\projetoAula3.csproj", "{B641AC0A-52EC-4B88-B67A-32985AD8DF83}"
EndProject
Global
	GlobalSection(SolutionConfigurationPlatforms) = preSolution
		Debug|Any CPU = Debug|Any CPU
		Release|Any CPU = Release|Any CPU
	EndGlobalSection
	GlobalSection(ProjectConfigurationPlatforms) = postSolution
		{B641AC0A-52EC-4B88-B67A-32985AD8DF83}.Debug|Any CPU.ActiveCfg = Debug|Any CPU
		{B641AC0A-52EC-4B88-B67A-32985AD8DF83}.Debug|Any CPU.Build.0 = Debug|Any CPU
		{B641AC0A-52EC-4B88-B67A-32985AD8DF83}.Release|Any CPU.ActiveCfg = Release|Any CPU
		{B641AC0A-52EC-4B88-B67A-32985AD8DF83}.Release|Any CPU.Build.0 = Release|Any CPU
	EndGlobalSection
	GlobalSection(SolutionProperties) = preSolution
		HideSolutionNode = FALSE
	EndGlobalSection
	GlobalSection(ExtensibilityGlobals) = postSolution
		SolutionGuid = {290B42EE-D601-4086-B583-671491983AD3}
	EndGlobalSection
EndGlobal
